
Microsoft Visual Studio Solution File, Format Version 12.00
# Visual Studio Version 17
VisualStudioVersion = 17.8.34330.188
MinimumVisualStudioVersion = 10.0.40219.1
Project("{9A19103F-16F7-4668-BE54-9A1E7A4F7556}") = "Acme.App", "Acme.App.csproj", "{555F7688-8E1C-4473-9163-7710D899ED3B}"
EndProject
Project("{9A19103F-16F7-4668-BE54-9A1E7A4F7556}") = "Acme.Core", "..\Acme.Core\Acme.Core.csproj", "{F554CE49-7F86-407B-B86F-B7D0FF2E5B32}"
EndProject
Project("{9A19103F-16F7-4668-BE54-9A1E7A4F7556}") = "Acme.Infrastructure", "..\Acme.Infrastructure\Acme.Infrastructure.csproj", "{CCF7EDB4-92A5-4C4A-9AF3-A7DD20DABDB8}"
EndProject
Project("{2150E333-8FDC-42A3-9474-1A3956D46DE8}") = "Tests", "Tests", "{9DA8939C-0F39-4B2A-BA67-CD86EC4DDDB8}"
EndProject
Project("{9A19103F-16F7-4668-BE54-9A1E7A4F7556}") = "Acme.Core.Tests", "..\..\tests\Acme.Core.Tests\Acme.Core.Tests.csproj", "{7BB69E86-75B3-4D33-9A3C-03CA2149E986}"
EndProject
Project("{9A19103F-16F7-4668-BE54-9A1E7A4F7556}") = "Acme.App.Wpf", "..\Acme.App.Wpf\Acme.App.Wpf.csproj", "{A3861BE9-C360-4DFF-8EA7-4B2A47799BF8}"
EndProject
Global
	GlobalSection(SolutionConfigurationPlatforms) = preSolution
		Debug|Any CPU = Debug|Any CPU
		Debug|ARM64 = Debug|ARM64
		Debug|x64 = Debug|x64
		Debug|x86 = Debug|x86
		Release|Any CPU = Release|Any CPU
		Release|ARM64 = Release|ARM64
		Release|x64 = Release|x64
		Release|x86 = Release|x86
	EndGlobalSection
	GlobalSection(ProjectConfigurationPlatforms) = postSolution
		{555F7688-8E1C-4473-9163-7710D899ED3B}.Debug|Any CPU.ActiveCfg = Debug|x64
		{555F7688-8E1C-4473-9163-7710D899ED3B}.Debug|Any CPU.Build.0 = Debug|x64
		{555F7688-8E1C-4473-9163-7710D899ED3B}.Debug|Any CPU.Deploy.0 = Debug|x64
		{555F7688-8E1C-4473-9163-7710D899ED3B}.Debug|ARM64.ActiveCfg = Debug|ARM64
		{555F7688-8E1C-4473-9163-7710D899ED3B}.Debug|ARM64.Build.0 = Debug|ARM64
		{555F7688-8E1C-4473-9163-7710D899ED3B}.Debug|ARM64.Deploy.0 = Debug|ARM64
		{555F7688-8E1C-4473-9163-7710D899ED3B}.Debug|x64.ActiveCfg = Debug|x64
		{555F7688-8E1C-4473-9163-7710D899ED3B}.Debug|x64.Build.0 = Debug|x64
		{555F7688-8E1C-4473-9163-7710D899ED3B}.Debug|x64.Deploy.0 = Debug|x64
		{555F7688-8E1C-4473-9163-7710D899ED3B}.Debug|x86.ActiveCfg = Debug|x86
		{555F7688-8E1C-4473-9163-7710D899ED3B}.Debug|x86.Build.0 = Debug|x86
		{555F7688-8E1C-4473-9163-7710D899ED3B}.Debug|x86.Deploy.0 = Debug|x86
		{555F7688-8E1C-4473-9163-7710D899ED3B}.Release|Any CPU.ActiveCfg = Release|x64
		{555F7688-8E1C-4473-9163-7710D899ED3B}.Release|Any CPU.Build.0 = Release|x64
		{555F7688-8E1C-4473-9163-7710D899ED3B}.Release|Any CPU.Deploy.0 = Release|x64
		{555F7688-8E1C-4473-9163-7710D899ED3B}.Release|ARM64.ActiveCfg = Release|ARM64
		{555F7688-8E1C-4473-9163-7710D899ED3B}.Release|ARM64.Build.0 = Release|ARM64
		{555F7688-8E1C-4473-9163-7710D899ED3B}.Release|ARM64.Deploy.0 = Release|ARM64
		{555F7688-8E1C-4473-9163-7710D899ED3B}.Release|x64.ActiveCfg = Release|x64
		{555F7688-8E1C-4473-9163-7710D899ED3B}.Release|x64.Build.0 = Release|x64
		{555F7688-8E1C-4473-9163-7710D899ED3B}.Release|x64.Deploy.0 = Release|x64
		{555F7688-8E1C-4473-9163-7710D899ED3B}.Release|x86.ActiveCfg = Release|x86
		{555F7688-8E1C-4473-9163-7710D899ED3B}.Release|x86.Build.0 = Release|x86
		{555F7688-8E1C-4473-9163-7710D899ED3B}.Release|x86.Deploy.0 = Release|x86
		{F554CE49-7F86-407B-B86F-B7D0FF2E5B32}.Debug|Any CPU.ActiveCfg = Debug|Any CPU
		{F554CE49-7F86-407B-B86F-B7D0FF2E5B32}.Debug|Any CPU.Build.0 = Debug|Any CPU
		{F554CE49-7F86-407B-B86F-B7D0FF2E5B32}.Debug|ARM64.ActiveCfg = Debug|Any CPU
		{F554CE49-7F86-407B-B86F-B7D0FF2E5B32}.Debug|ARM64.Build.0 = Debug|Any CPU
		{F554CE49-7F86-407B-B86F-B7D0FF2E5B32}.Debug|x64.ActiveCfg = Debug|Any CPU
		{F554CE49-7F86-407B-B86F-B7D0FF2E5B32}.Debug|x64.Build.0 = Debug|Any CPU
		{F554CE49-7F86-407B-B86F-B7D0FF2E5B32}.Debug|x86.ActiveCfg = Debug|Any CPU
		{F554CE49-7F86-407B-B86F-B7D0FF2E5B32}.Debug|x86.Build.0 = Debug|Any CPU
		{F554CE49-7F86-407B-B86F-B7D0FF2E5B32}.Release|Any CPU.ActiveCfg = Release|Any CPU
		{F554CE49-7F86-407B-B86F-B7D0FF2E5B32}.Release|Any CPU.Build.0 = Release|Any CPU
		{F554CE49-7F86-407B-B86F-B7D0FF2E5B32}.Release|ARM64.ActiveCfg = Release|Any CPU
		{F554CE49-7F86-407B-B86F-B7D0FF2E5B32}.Release|ARM64.Build.0 = Release|Any CPU
		{F554CE49-7F86-407B-B86F-B7D0FF2E5B32}.Release|x64.ActiveCfg = Release|Any CPU
		{F554CE49-7F86-407B-B86F-B7D0FF2E5B32}.Release|x64.Build.0 = Release|Any CPU
		{F554CE49-7F86-407B-B86F-B7D0FF2E5B32}.Release|x86.ActiveCfg = Release|Any CPU
		{F554CE49-7F86-407B-B86F-B7D0FF2E5B32}.Release|x86.Build.0 = Release|Any CPU
		{CCF7EDB4-92A5-4C4A-9AF3-A7DD20DABDB8}.Debug|Any CPU.ActiveCfg = Debug|Any CPU
		{CCF7EDB4-92A5-4C4A-9AF3-A7DD20DABDB8}.Debug|Any CPU.Build.0 = Debug|Any CPU
		{CCF7EDB4-92A5-4C4A-9AF3-A7DD20DABDB8}.Debug|ARM64.ActiveCfg = Debug|Any CPU
		{CCF7EDB4-92A5-4C4A-9AF3-A7DD20DABDB8}.Debug|ARM64.Build.0 = Debug|Any CPU
		{CCF7EDB4-92A5-4C4A-9AF3-A7DD20DABDB8}.Debug|x64.ActiveCfg = Debug|Any CPU
		{CCF7EDB4-92A5-4C4A-9AF3-A7DD20DABDB8}.Debug|x64.Build.0 = Debug|Any CPU
		{CCF7EDB4-92A5-4C4A-9AF3-A7DD20DABDB8}.Debug|x86.ActiveCfg = Debug|Any CPU
		{CCF7EDB4-92A5-4C4A-9AF3-A7DD20DABDB8}.Debug|x86.Build.0 = Debug|Any CPU
		{CCF7EDB4-92A5-4C4A-9AF3-A7DD20DABDB8}.Release|Any CPU.ActiveCfg = Release|Any CPU
		{CCF7EDB4-92A5-4C4A-9AF3-A7DD20DABDB8}.Release|Any CPU.Build.0 = Release|Any CPU
		{CCF7EDB4-92A5-4C4A-9AF3-A7DD20DABDB8}.Release|ARM64.ActiveCfg = Release|Any CPU
		{CCF7EDB4-92A5-4C4A-9AF3-A7DD20DABDB8}.Release|ARM64.Build.0 = Release|Any CPU
		{CCF7EDB4-92A5-4C4A-9AF3-A7DD20DABDB8}.Release|x64.ActiveCfg = Release|Any CPU
		{CCF7EDB4-92A5-4C4A-9AF3-A7DD20DABDB8}.Release|x64.Build.0 = Release|Any CPU
		{CCF7EDB4-92A5-4C4A-9AF3-A7DD20DABDB8}.Release|x86.ActiveCfg = Release|Any CPU
		{CCF7EDB4-92A5-4C4A-9AF3-A7DD20DABDB8}.Release|x86.Build.0 = Release|Any CPU
		{7BB69E86-75B3-4D33-9A3C-03CA2149E986}.Debug|Any CPU.ActiveCfg = Debug|Any CPU
		{7BB69E86-75B3-4D33-9A3C-03CA2149E986}.Debug|Any CPU.Build.0 = Debug|Any CPU
		{7BB69E86-75B3-4D33-9A3C-03CA2149E986}.Debug|ARM64.ActiveCfg = Debug|Any CPU
		{7BB69E86-75B3-4D33-9A3C-03CA2149E986}.Debug|ARM64.Build.0 = Debug|Any CPU
		{7BB69E86-75B3-4D33-9A3C-03CA2149E986}.Debug|x64.ActiveCfg = Debug|Any CPU
		{7BB69E86-75B3-4D33-9A3C-03CA2149E986}.Debug|x64.Build.0 = Debug|Any CPU
		{7BB69E86-75B3-4D33-9A3C-03CA2149E986}.Debug|x86.ActiveCfg = Debug|Any CPU
		{7BB69E86-75B3-4D33-9A3C-03CA2149E986}.Debug|x86.Build.0 = Debug|Any CPU
		{7BB69E86-75B3-4D33-9A3C-03CA2149E986}.Release|Any CPU.ActiveCfg = Release|Any CPU
		{7BB69E86-75B3-4D33-9A3C-03CA2149E986}.Release|Any CPU.Build.0 = Release|Any CPU
		{7BB69E86-75B3-4D33-9A3C-03CA2149E986}.Release|ARM64.ActiveCfg = Release|Any CPU
		{7BB69E86-75B3-4D33-9A3C-03CA2149E986}.Release|ARM64.Build.0 = Release|Any CPU
		{7BB69E86-75B3-4D33-9A3C-03CA2149E986}.Release|x64.ActiveCfg = Release|Any CPU
		{7BB69E86-75B3-4D33-9A3C-03CA2149E986}.Release|x64.Build.0 = Release|Any CPU
		{7BB69E86-75B3-4D33-9A3C-03CA2149E986}.Release|x86.ActiveCfg = Release|Any CPU
		{7BB69E86-75B3-4D33-9A3C-03CA2149E986}.Release|x86.Build.0 = Release|Any CPU
		{A3861BE9-C360-4DFF-8EA7-4B2A47799BF8}.Debug|Any CPU.ActiveCfg = Debug|Any CPU
		{A3861BE9-C360-4DFF-8EA7-4B2A47799BF8}.Debug|Any CPU.Build.0 = Debug|Any CPU
		{A3861BE9-C360-4DFF-8EA7-4B2A47799BF8}.Debug|ARM64.ActiveCfg = Debug|Any CPU
		{A3861BE9-C360-4DFF-8EA7-4B2A47799BF8}.Debug|ARM64.Build.0 = Debug|Any CPU
		{A3861BE9-C360-4DFF-8EA7-4B2A47799BF8}.Debug|x64.ActiveCfg = Debug|Any CPU
		{A3861BE9-C360-4DFF-8EA7-4B2A47799BF8}.Debug|x64.Build.0 = Debug|Any CPU
		{A3861BE9-C360-4DFF-8EA7-4B2A47799BF8}.Debug|x86.ActiveCfg = Debug|Any CPU
		{A3861BE9-C360-4DFF-8EA7-4B2A47799BF8}.Debug|x86.Build.0 = Debug|Any CPU
		{A3861BE9-C360-4DFF-8EA7-4B2A47799BF8}.Release|Any CPU.ActiveCfg = Release|Any CPU
		{A3861BE9-C360-4DFF-8EA7-4B2A47799BF8}.Release|Any CPU.Build.0 = Release|Any CPU
		{A3861BE9-C360-4DFF-8EA7-4B2A47799BF8}.Release|ARM64.ActiveCfg = Release|Any CPU
		{A3861BE9-C360-4DFF-8EA7-4B2A47799BF8}.Release|ARM64.Build.0 = Release|Any CPU
		{A3861BE9-C360-4DFF-8EA7-4B2A47799BF8}.Release|x64.ActiveCfg = Release|Any CPU
		{A3861BE9-C360-4DFF-8EA7-4B2A47799BF8}.Release|x64.Build.0 = Release|Any CPU
		{A3861BE9-C360-4DFF-8EA7-4B2A47799BF8}.Release|x86.ActiveCfg = Release|Any CPU
		{A3861BE9-C360-4DFF-8EA7-4B2A47799BF8}.Release|x86.Build.0 = Release|Any CPU
	EndGlobalSection
	GlobalSection(SolutionProperties) = preSolution
		HideSolutionNode = FALSE
	EndGlobalSection
	GlobalSection(NestedProjects) = preSolution
		{7BB69E86-75B3-4D33-9A3C-03CA2149E986} = {9DA8939C-0F39-4B2A-BA67-CD86EC4DDDB8}
	EndGlobalSection
	GlobalSection(ExtensibilityGlobals) = postSolution
		SolutionGuid = {3A9EEFA7-11C0-419F-8F05-7641E3A28E34}
	EndGlobalSection
EndGlobal
